// !$*UTF8*$!
{
	archiveVersion = 1;
	classes = {
	};
	objectVersion = 46;
	objects = {

/* Begin PBXBuildFile section */
		292FE7771DF0EBA5005431D3 /* AppDelegate.swift in Sources */ = {isa = PBXBuildFile; fileRef = 292FE7761DF0EBA5005431D3 /* AppDelegate.swift */; };
		292FE7791DF0EBA6005431D3 /* GameScene.sks in Resources */ = {isa = PBXBuildFile; fileRef = 292FE7781DF0EBA6005431D3 /* GameScene.sks */; };
		292FE77D1DF0EBA6005431D3 /* GameScene.swift in Sources */ = {isa = PBXBuildFile; fileRef = 292FE77C1DF0EBA6005431D3 /* GameScene.swift */; };
		292FE77F1DF0EBA6005431D3 /* GameViewController.swift in Sources */ = {isa = PBXBuildFile; fileRef = 292FE77E1DF0EBA6005431D3 /* GameViewController.swift */; };
		292FE7821DF0EBA6005431D3 /* Main.storyboard in Resources */ = {isa = PBXBuildFile; fileRef = 292FE7801DF0EBA6005431D3 /* Main.storyboard */; };
		292FE7841DF0EBA6005431D3 /* Assets.xcassets in Resources */ = {isa = PBXBuildFile; fileRef = 292FE7831DF0EBA6005431D3 /* Assets.xcassets */; };
		292FE7871DF0EBA6005431D3 /* LaunchScreen.storyboard in Resources */ = {isa = PBXBuildFile; fileRef = 292FE7851DF0EBA6005431D3 /* LaunchScreen.storyboard */; };
		292FE7AB1DF12512005431D3 /* background.jpg in Resources */ = {isa = PBXBuildFile; fileRef = 292FE78F1DF12512005431D3 /* background.jpg */; };
		292FE7AC1DF12512005431D3 /* background@2x.jpg in Resources */ = {isa = PBXBuildFile; fileRef = 292FE7901DF12512005431D3 /* background@2x.jpg */; };
		292FE7AD1DF12512005431D3 /* ballBlue.png in Resources */ = {isa = PBXBuildFile; fileRef = 292FE7911DF12512005431D3 /* ballBlue.png */; };
		292FE7AE1DF12512005431D3 /* ballBlue@2x.png in Resources */ = {isa = PBXBuildFile; fileRef = 292FE7921DF12512005431D3 /* ballBlue@2x.png */; };
		292FE7AF1DF12512005431D3 /* ballCyan.png in Resources */ = {isa = PBXBuildFile; fileRef = 292FE7931DF12512005431D3 /* ballCyan.png */; };
		292FE7B01DF12512005431D3 /* ballCyan@2x.png in Resources */ = {isa = PBXBuildFile; fileRef = 292FE7941DF12512005431D3 /* ballCyan@2x.png */; };
		292FE7B11DF12512005431D3 /* ballGreen.png in Resources */ = {isa = PBXBuildFile; fileRef = 292FE7951DF12512005431D3 /* ballGreen.png */; };
		292FE7B21DF12512005431D3 /* ballGreen@2x.png in Resources */ = {isa = PBXBuildFile; fileRef = 292FE7961DF12512005431D3 /* ballGreen@2x.png */; };
		292FE7B31DF12512005431D3 /* ballGrey.png in Resources */ = {isa = PBXBuildFile; fileRef = 292FE7971DF12512005431D3 /* ballGrey.png */; };
		292FE7B41DF12512005431D3 /* ballGrey@2x.png in Resources */ = {isa = PBXBuildFile; fileRef = 292FE7981DF12512005431D3 /* ballGrey@2x.png */; };
		292FE7B51DF12512005431D3 /* ballPurple.png in Resources */ = {isa = PBXBuildFile; fileRef = 292FE7991DF12512005431D3 /* ballPurple.png */; };
		292FE7B61DF12512005431D3 /* ballPurple@2x.png in Resources */ = {isa = PBXBuildFile; fileRef = 292FE79A1DF12512005431D3 /* ballPurple@2x.png */; };
		292FE7B71DF12512005431D3 /* ballRed.png in Resources */ = {isa = PBXBuildFile; fileRef = 292FE79B1DF12512005431D3 /* ballRed.png */; };
		292FE7B81DF12512005431D3 /* ballRed@2x.png in Resources */ = {isa = PBXBuildFile; fileRef = 292FE79C1DF12512005431D3 /* ballRed@2x.png */; };
		292FE7B91DF12512005431D3 /* ballYellow.png in Resources */ = {isa = PBXBuildFile; fileRef = 292FE79D1DF12512005431D3 /* ballYellow.png */; };
		292FE7BA1DF12512005431D3 /* ballYellow@2x.png in Resources */ = {isa = PBXBuildFile; fileRef = 292FE79E1DF12512005431D3 /* ballYellow@2x.png */; };
		292FE7BB1DF12512005431D3 /* bouncer.png in Resources */ = {isa = PBXBuildFile; fileRef = 292FE79F1DF12512005431D3 /* bouncer.png */; };
		292FE7BC1DF12512005431D3 /* bouncer@2x.png in Resources */ = {isa = PBXBuildFile; fileRef = 292FE7A01DF12512005431D3 /* bouncer@2x.png */; };
		292FE7BD1DF12512005431D3 /* FireParticles.sks in Resources */ = {isa = PBXBuildFile; fileRef = 292FE7A11DF12512005431D3 /* FireParticles.sks */; };
		292FE7BE1DF12512005431D3 /* slotBaseBad.png in Resources */ = {isa = PBXBuildFile; fileRef = 292FE7A21DF12512005431D3 /* slotBaseBad.png */; };
		292FE7BF1DF12512005431D3 /* slotBaseBad@2x.png in Resources */ = {isa = PBXBuildFile; fileRef = 292FE7A31DF12512005431D3 /* slotBaseBad@2x.png */; };
		292FE7C01DF12512005431D3 /* slotBaseGood.png in Resources */ = {isa = PBXBuildFile; fileRef = 292FE7A41DF12512005431D3 /* slotBaseGood.png */; };
		292FE7C11DF12512005431D3 /* slotBaseGood@2x.png in Resources */ = {isa = PBXBuildFile; fileRef = 292FE7A51DF12512005431D3 /* slotBaseGood@2x.png */; };
		292FE7C21DF12512005431D3 /* slotGlowBad.png in Resources */ = {isa = PBXBuildFile; fileRef = 292FE7A61DF12512005431D3 /* slotGlowBad.png */; };
		292FE7C31DF12512005431D3 /* slotGlowBad@2x.png in Resources */ = {isa = PBXBuildFile; fileRef = 292FE7A71DF12512005431D3 /* slotGlowBad@2x.png */; };
		292FE7C41DF12512005431D3 /* slotGlowGood.png in Resources */ = {isa = PBXBuildFile; fileRef = 292FE7A81DF12512005431D3 /* slotGlowGood.png */; };
		292FE7C51DF12513005431D3 /* slotGlowGood@2x.png in Resources */ = {isa = PBXBuildFile; fileRef = 292FE7A91DF12512005431D3 /* slotGlowGood@2x.png */; };
		292FE7C61DF12513005431D3 /* spark.png in Resources */ = {isa = PBXBuildFile; fileRef = 292FE7AA1DF12512005431D3 /* spark.png */; };
		292FE7C81DF12519005431D3 /* Helper.swift in Sources */ = {isa = PBXBuildFile; fileRef = 292FE7C71DF12519005431D3 /* Helper.swift */; };
/* End PBXBuildFile section */

/* Begin PBXFileReference section */
		292FE7731DF0EBA5005431D3 /* Project11.app */ = {isa = PBXFileReference; explicitFileType = wrapper.application; includeInIndex = 0; path = Project11.app; sourceTree = BUILT_PRODUCTS_DIR; };
		292FE7761DF0EBA5005431D3 /* AppDelegate.swift */ = {isa = PBXFileReference; lastKnownFileType = sourcecode.swift; path = AppDelegate.swift; sourceTree = "<group>"; };
		292FE7781DF0EBA6005431D3 /* GameScene.sks */ = {isa = PBXFileReference; lastKnownFileType = file.sks; path = GameScene.sks; sourceTree = "<group>"; };
		292FE77C1DF0EBA6005431D3 /* GameScene.swift */ = {isa = PBXFileReference; lastKnownFileType = sourcecode.swift; path = GameScene.swift; sourceTree = "<group>"; };
		292FE77E1DF0EBA6005431D3 /* GameViewController.swift */ = {isa = PBXFileReference; lastKnownFileType = sourcecode.swift; path = GameViewController.swift; sourceTree = "<group>"; };
		292FE7811DF0EBA6005431D3 /* Base */ = {isa = PBXFileReference; lastKnownFileType = file.storyboard; name = Base; path = Base.lproj/Main.storyboard; sourceTree = "<group>"; };
		292FE7831DF0EBA6005431D3 /* Assets.xcassets */ = {isa = PBXFileReference; lastKnownFileType = folder.assetcatalog; path = Assets.xcassets; sourceTree = "<group>"; };
		292FE7861DF0EBA6005431D3 /* Base */ = {isa = PBXFileReference; lastKnownFileType = file.storyboard; name = Base; path = Base.lproj/LaunchScreen.storyboard; sourceTree = "<group>"; };
		292FE7881DF0EBA6005431D3 /* Info.plist */ = {isa = PBXFileReference; lastKnownFileType = text.plist.xml; path = Info.plist; sourceTree = "<group>"; };
		292FE78F1DF12512005431D3 /* background.jpg */ = {isa = PBXFileReference; lastKnownFileType = image.jpeg; path = background.jpg; sourceTree = "<group>"; };
		292FE7901DF12512005431D3 /* background@2x.jpg */ = {isa = PBXFileReference; lastKnownFileType = image.jpeg; path = "background@2x.jpg"; sourceTree = "<group>"; };
		292FE7911DF12512005431D3 /* ballBlue.png */ = {isa = PBXFileReference; lastKnownFileType = image.png; path = ballBlue.png; sourceTree = "<group>"; };
		292FE7921DF12512005431D3 /* ballBlue@2x.png */ = {isa = PBXFileReference; lastKnownFileType = image.png; path = "ballBlue@2x.png"; sourceTree = "<group>"; };
		292FE7931DF12512005431D3 /* ballCyan.png */ = {isa = PBXFileReference; lastKnownFileType = image.png; path = ballCyan.png; sourceTree = "<group>"; };
		292FE7941DF12512005431D3 /* ballCyan@2x.png */ = {isa = PBXFileReference; lastKnownFileType = image.png; path = "ballCyan@2x.png"; sourceTree = "<group>"; };
		292FE7951DF12512005431D3 /* ballGreen.png */ = {isa = PBXFileReference; lastKnownFileType = image.png; path = ballGreen.png; sourceTree = "<group>"; };
		292FE7961DF12512005431D3 /* ballGreen@2x.png */ = {isa = PBXFileReference; lastKnownFileType = image.png; path = "ballGreen@2x.png"; sourceTree = "<group>"; };
		292FE7971DF12512005431D3 /* ballGrey.png */ = {isa = PBXFileReference; lastKnownFileType = image.png; path = ballGrey.png; sourceTree = "<group>"; };
		292FE7981DF12512005431D3 /* ballGrey@2x.png */ = {isa = PBXFileReference; lastKnownFileType = image.png; path = "ballGrey@2x.png"; sourceTree = "<group>"; };
		292FE7991DF12512005431D3 /* ballPurple.png */ = {isa = PBXFileReference; lastKnownFileType = image.png; path = ballPurple.png; sourceTree = "<group>"; };
		292FE79A1DF12512005431D3 /* ballPurple@2x.png */ = {isa = PBXFileReference; lastKnownFileType = image.png; path = "ballPurple@2x.png"; sourceTree = "<group>"; };
		292FE79B1DF12512005431D3 /* ballRed.png */ = {isa = PBXFileReference; lastKnownFileType = image.png; path = ballRed.png; sourceTree = "<group>"; };
		292FE79C1DF12512005431D3 /* ballRed@2x.png */ = {isa = PBXFileReference; lastKnownFileType = image.png; path = "ballRed@2x.png"; sourceTree = "<group>"; };
		292FE79D1DF12512005431D3 /* ballYellow.png */ = {isa = PBXFileReference; lastKnownFileType = image.png; path = ballYellow.png; sourceTree = "<group>"; };
		292FE79E1DF12512005431D3 /* ballYellow@2x.png */ = {isa = PBXFileReference; lastKnownFileType = image.png; path = "ballYellow@2x.png"; sourceTree = "<group>"; };
		292FE79F1DF12512005431D3 /* bouncer.png */ = {isa = PBXFileReference; lastKnownFileType = image.png; path = bouncer.png; sourceTree = "<group>"; };
		292FE7A01DF12512005431D3 /* bouncer@2x.png */ = {isa = PBXFileReference; lastKnownFileType = image.png; path = "bouncer@2x.png"; sourceTree = "<group>"; };
		292FE7A11DF12512005431D3 /* FireParticles.sks */ = {isa = PBXFileReference; lastKnownFileType = file.sks; path = FireParticles.sks; sourceTree = "<group>"; };
		292FE7A21DF12512005431D3 /* slotBaseBad.png */ = {isa = PBXFileReference; lastKnownFileType = image.png; path = slotBaseBad.png; sourceTree = "<group>"; };
		292FE7A31DF12512005431D3 /* slotBaseBad@2x.png */ = {isa = PBXFileReference; lastKnownFileType = image.png; path = "slotBaseBad@2x.png"; sourceTree = "<group>"; };
		292FE7A41DF12512005431D3 /* slotBaseGood.png */ = {isa = PBXFileReference; lastKnownFileType = image.png; path = slotBaseGood.png; sourceTree = "<group>"; };
		292FE7A51DF12512005431D3 /* slotBaseGood@2x.png */ = {isa = PBXFileReference; lastKnownFileType = image.png; path = "slotBaseGood@2x.png"; sourceTree = "<group>"; };
		292FE7A61DF12512005431D3 /* slotGlowBad.png */ = {isa = PBXFileReference; lastKnownFileType = image.png; path = slotGlowBad.png; sourceTree = "<group>"; };
		292FE7A71DF12512005431D3 /* slotGlowBad@2x.png */ = {isa = PBXFileReference; lastKnownFileType = image.png; path = "slotGlowBad@2x.png"; sourceTree = "<group>"; };
		292FE7A81DF12512005431D3 /* slotGlowGood.png */ = {isa = PBXFileReference; lastKnownFileType = image.png; path = slotGlowGood.png; sourceTree = "<group>"; };
		292FE7A91DF12512005431D3 /* slotGlowGood@2x.png */ = {isa = PBXFileReference; lastKnownFileType = image.png; path = "slotGlowGood@2x.png"; sourceTree = "<group>"; };
		292FE7AA1DF12512005431D3 /* spark.png */ = {isa = PBXFileReference; lastKnownFileType = image.png; path = spark.png; sourceTree = "<group>"; };
		292FE7C71DF12519005431D3 /* Helper.swift */ = {isa = PBXFileReference; fileEncoding = 4; lastKnownFileType = sourcecode.swift; path = Helper.swift; sourceTree = "<group>"; };
/* End PBXFileReference section */

/* Begin PBXFrameworksBuildPhase section */
		292FE7701DF0EBA5005431D3 /* Frameworks */ = {
			isa = PBXFrameworksBuildPhase;
			buildActionMask = 2147483647;
			files = (
			);
			runOnlyForDeploymentPostprocessing = 0;
		};
/* End PBXFrameworksBuildPhase section */

/* Begin PBXGroup section */
		292FE76A1DF0EBA5005431D3 = {
			isa = PBXGroup;
			children = (
				292FE7751DF0EBA5005431D3 /* Project11 */,
				292FE7741DF0EBA5005431D3 /* Products */,
			);
			sourceTree = "<group>";
		};
		292FE7741DF0EBA5005431D3 /* Products */ = {
			isa = PBXGroup;
			children = (
				292FE7731DF0EBA5005431D3 /* Project11.app */,
			);
			name = Products;
			sourceTree = "<group>";
		};
		292FE7751DF0EBA5005431D3 /* Project11 */ = {
			isa = PBXGroup;
			children = (
				292FE7761DF0EBA5005431D3 /* AppDelegate.swift */,
				292FE7781DF0EBA6005431D3 /* GameScene.sks */,
				292FE77C1DF0EBA6005431D3 /* GameScene.swift */,
				292FE77E1DF0EBA6005431D3 /* GameViewController.swift */,
				292FE7801DF0EBA6005431D3 /* Main.storyboard */,
				292FE7831DF0EBA6005431D3 /* Assets.xcassets */,
				292FE7851DF0EBA6005431D3 /* LaunchScreen.storyboard */,
				292FE7881DF0EBA6005431D3 /* Info.plist */,
				292FE7C71DF12519005431D3 /* Helper.swift */,
				292FE78E1DF12512005431D3 /* Content */,
			);
			path = Project11;
			sourceTree = "<group>";
		};
		292FE78E1DF12512005431D3 /* Content */ = {
			isa = PBXGroup;
			children = (
				292FE78F1DF12512005431D3 /* background.jpg */,
				292FE7901DF12512005431D3 /* background@2x.jpg */,
				292FE7911DF12512005431D3 /* ballBlue.png */,
				292FE7921DF12512005431D3 /* ballBlue@2x.png */,
				292FE7931DF12512005431D3 /* ballCyan.png */,
				292FE7941DF12512005431D3 /* ballCyan@2x.png */,
				292FE7951DF12512005431D3 /* ballGreen.png */,
				292FE7961DF12512005431D3 /* ballGreen@2x.png */,
				292FE7971DF12512005431D3 /* ballGrey.png */,
				292FE7981DF12512005431D3 /* ballGrey@2x.png */,
				292FE7991DF12512005431D3 /* ballPurple.png */,
				292FE79A1DF12512005431D3 /* ballPurple@2x.png */,
				292FE79B1DF12512005431D3 /* ballRed.png */,
				292FE79C1DF12512005431D3 /* ballRed@2x.png */,
				292FE79D1DF12512005431D3 /* ballYellow.png */,
				292FE79E1DF12512005431D3 /* ballYellow@2x.png */,
				292FE79F1DF12512005431D3 /* bouncer.png */,
				292FE7A01DF12512005431D3 /* bouncer@2x.png */,
				292FE7A11DF12512005431D3 /* FireParticles.sks */,
				292FE7A21DF12512005431D3 /* slotBaseBad.png */,
				292FE7A31DF12512005431D3 /* slotBaseBad@2x.png */,
				292FE7A41DF12512005431D3 /* slotBaseGood.png */,
				292FE7A51DF12512005431D3 /* slotBaseGood@2x.png */,
				292FE7A61DF12512005431D3 /* slotGlowBad.png */,
				292FE7A71DF12512005431D3 /* slotGlowBad@2x.png */,
				292FE7A81DF12512005431D3 /* slotGlowGood.png */,
				292FE7A91DF12512005431D3 /* slotGlowGood@2x.png */,
				292FE7AA1DF12512005431D3 /* spark.png */,
			);
			path = Content;
			sourceTree = "<group>";
		};
/* End PBXGroup section */

/* Begin PBXNativeTarget section */
		292FE7721DF0EBA5005431D3 /* Project11 */ = {
			isa = PBXNativeTarget;
			buildConfigurationList = 292FE78B1DF0EBA6005431D3 /* Build configuration list for PBXNativeTarget "Project11" */;
			buildPhases = (
				292FE76F1DF0EBA5005431D3 /* Sources */,
				292FE7701DF0EBA5005431D3 /* Frameworks */,
				292FE7711DF0EBA5005431D3 /* Resources */,
			);
			buildRules = (
			);
			dependencies = (
			);
			name = Project11;
			productName = Project11;
			productReference = 292FE7731DF0EBA5005431D3 /* Project11.app */;
			productType = "com.apple.product-type.application";
		};
/* End PBXNativeTarget section */

/* Begin PBXProject section */
		292FE76B1DF0EBA5005431D3 /* Project object */ = {
			isa = PBXProject;
			attributes = {
				LastSwiftUpdateCheck = 0810;
				LastUpgradeCheck = 0810;
				ORGANIZATIONNAME = "Jonathan Deguzman";
				TargetAttributes = {
					292FE7721DF0EBA5005431D3 = {
						CreatedOnToolsVersion = 8.1;
						ProvisioningStyle = Automatic;
					};
				};
			};
			buildConfigurationList = 292FE76E1DF0EBA5005431D3 /* Build configuration list for PBXProject "Project11" */;
			compatibilityVersion = "Xcode 3.2";
			developmentRegion = English;
			hasScannedForEncodings = 0;
			knownRegions = (
				en,
				Base,
			);
			mainGroup = 292FE76A1DF0EBA5005431D3;
			productRefGroup = 292FE7741DF0EBA5005431D3 /* Products */;
			projectDirPath = "";
			projectRoot = "";
			targets = (
				292FE7721DF0EBA5005431D3 /* Project11 */,
			);
		};
/* End PBXProject section */

/* Begin PBXResourcesBuildPhase section */
		292FE7711DF0EBA5005431D3 /* Resources */ = {
			isa = PBXResourcesBuildPhase;
			buildActionMask = 2147483647;
			files = (
				292FE7B41DF12512005431D3 /* ballGrey@2x.png in Resources */,
				292FE7B61DF12512005431D3 /* ballPurple@2x.png in Resources */,
				292FE7C31DF12512005431D3 /* slotGlowBad@2x.png in Resources */,
				292FE7AF1DF12512005431D3 /* ballCyan.png in Resources */,
				292FE7C01DF12512005431D3 /* slotBaseGood.png in Resources */,
				292FE7821DF0EBA6005431D3 /* Main.storyboard in Resources */,
				292FE7AD1DF12512005431D3 /* ballBlue.png in Resources */,
				292FE7C41DF12512005431D3 /* slotGlowGood.png in Resources */,
				292FE7BF1DF12512005431D3 /* slotBaseBad@2x.png in Resources */,
				292FE7BA1DF12512005431D3 /* ballYellow@2x.png in Resources */,
				292FE7BE1DF12512005431D3 /* slotBaseBad.png in Resources */,
				292FE7AB1DF12512005431D3 /* background.jpg in Resources */,
				292FE7C11DF12512005431D3 /* slotBaseGood@2x.png in Resources */,
				292FE7BC1DF12512005431D3 /* bouncer@2x.png in Resources */,
				292FE7B71DF12512005431D3 /* ballRed.png in Resources */,
				292FE7BD1DF12512005431D3 /* FireParticles.sks in Resources */,
				292FE7B81DF12512005431D3 /* ballRed@2x.png in Resources */,
				292FE7791DF0EBA6005431D3 /* GameScene.sks in Resources */,
				292FE7C21DF12512005431D3 /* slotGlowBad.png in Resources */,
				292FE7841DF0EBA6005431D3 /* Assets.xcassets in Resources */,
				292FE7B91DF12512005431D3 /* ballYellow.png in Resources */,
				292FE7BB1DF12512005431D3 /* bouncer.png in Resources */,
				292FE7B11DF12512005431D3 /* ballGreen.png in Resources */,
				292FE7AC1DF12512005431D3 /* background@2x.jpg in Resources */,
				292FE7871DF0EBA6005431D3 /* LaunchScreen.storyboard in Resources */,
				292FE7B31DF12512005431D3 /* ballGrey.png in Resources */,
				292FE7B21DF12512005431D3 /* ballGreen@2x.png in Resources */,
				292FE7B01DF12512005431D3 /* ballCyan@2x.png in Resources */,
				292FE7C51DF12513005431D3 /* slotGlowGood@2x.png in Resources */,
				292FE7C61DF12513005431D3 /* spark.png in Resources */,
				292FE7B51DF12512005431D3 /* ballPurple.png in Resources */,
				292FE7AE1DF12512005431D3 /* ballBlue@2x.png in Resources */,
			);
			runOnlyForDeploymentPostprocessing = 0;
		};
/* End PBXResourcesBuildPhase section */

/* Begin PBXSourcesBuildPhase section */
		292FE76F1DF0EBA5005431D3 /* Sources */ = {
			isa = PBXSourcesBuildPhase;
			buildActionMask = 2147483647;
			files = (
				292FE77D1DF0EBA6005431D3 /* GameScene.swift in Sources */,
				292FE77F1DF0EBA6005431D3 /* GameViewController.swift in Sources */,
				292FE7771DF0EBA5005431D3 /* AppDelegate.swift in Sources */,
				292FE7C81DF12519005431D3 /* Helper.swift in Sources */,
			);
			runOnlyForDeploymentPostprocessing = 0;
		};
/* End PBXSourcesBuildPhase section */

/* Begin PBXVariantGroup section */
		292FE7801DF0EBA6005431D3 /* Main.storyboard */ = {
			isa = PBXVariantGroup;
			children = (
				292FE7811DF0EBA6005431D3 /* Base */,
			);
			name = Main.storyboard;
			sourceTree = "<group>";
		};
		292FE7851DF0EBA6005431D3 /* LaunchScreen.storyboard */ = {
			isa = PBXVariantGroup;
			children = (
				292FE7861DF0EBA6005431D3 /* Base */,
			);
			name = LaunchScreen.storyboard;
			sourceTree = "<group>";
		};
/* End PBXVariantGroup section */

/* Begin XCBuildConfiguration section */
		292FE7891DF0EBA6005431D3 /* Debug */ = {
			isa = XCBuildConfiguration;
			buildSettings = {
				ALWAYS_SEARCH_USER_PATHS = NO;
				CLANG_ANALYZER_NONNULL = YES;
				CLANG_CXX_LANGUAGE_STANDARD = "gnu++0x";
				CLANG_CXX_LIBRARY = "libc++";
				CLANG_ENABLE_MODULES = YES;
				CLANG_ENABLE_OBJC_ARC = YES;
				CLANG_WARN_BOOL_CONVERSION = YES;
				CLANG_WARN_CONSTANT_CONVERSION = YES;
				CLANG_WARN_DIRECT_OBJC_ISA_USAGE = YES_ERROR;
				CLANG_WARN_DOCUMENTATION_COMMENTS = YES;
				CLANG_WARN_EMPTY_BODY = YES;
				CLANG_WARN_ENUM_CONVERSION = YES;
				CLANG_WARN_INFINITE_RECURSION = YES;
				CLANG_WARN_INT_CONVERSION = YES;
				CLANG_WARN_OBJC_ROOT_CLASS = YES_ERROR;
				CLANG_WARN_SUSPICIOUS_MOVES = YES;
				CLANG_WARN_UNREACHABLE_CODE = YES;
				CLANG_WARN__DUPLICATE_METHOD_MATCH = YES;
				"CODE_SIGN_IDENTITY[sdk=iphoneos*]" = "iPhone Developer";
				COPY_PHASE_STRIP = NO;
				DEBUG_INFORMATION_FORMAT = dwarf;
				ENABLE_STRICT_OBJC_MSGSEND = YES;
				ENABLE_TESTABILITY = YES;
				GCC_C_LANGUAGE_STANDARD = gnu99;
				GCC_DYNAMIC_NO_PIC = NO;
				GCC_NO_COMMON_BLOCKS = YES;
				GCC_OPTIMIZATION_LEVEL = 0;
				GCC_PREPROCESSOR_DEFINITIONS = (
					"DEBUG=1",
					"$(inherited)",
				);
				GCC_WARN_64_TO_32_BIT_CONVERSION = YES;
				GCC_WARN_ABOUT_RETURN_TYPE = YES_ERROR;
				GCC_WARN_UNDECLARED_SELECTOR = YES;
				GCC_WARN_UNINITIALIZED_AUTOS = YES_AGGRESSIVE;
				GCC_WARN_UNUSED_FUNCTION = YES;
				GCC_WARN_UNUSED_VARIABLE = YES;
				IPHONEOS_DEPLOYMENT_TARGET = 10.1;
				MTL_ENABLE_DEBUG_INFO = YES;
				ONLY_ACTIVE_ARCH = YES;
				SDKROOT = iphoneos;
				SWIFT_ACTIVE_COMPILATION_CONDITIONS = DEBUG;
				SWIFT_OPTIMIZATION_LEVEL = "-Onone";
				TARGETED_DEVICE_FAMILY = 2;
			};
			name = Debug;
		};
		292FE78A1DF0EBA6005431D3 /* Release */ = {
			isa = XCBuildConfiguration;
			buildSettings = {
				ALWAYS_SEARCH_USER_PATHS = NO;
				CLANG_ANALYZER_NONNULL = YES;
				CLANG_CXX_LANGUAGE_STANDARD = "gnu++0x";
				CLANG_CXX_LIBRARY = "libc++";
				CLANG_ENABLE_MODULES = YES;
				CLANG_ENABLE_OBJC_ARC = YES;
				CLANG_WARN_BOOL_CONVERSION = YES;
				CLANG_WARN_CONSTANT_CONVERSION = YES;
				CLANG_WARN_DIRECT_OBJC_ISA_USAGE = YES_ERROR;
				CLANG_WARN_DOCUMENTATION_COMMENTS = YES;
				CLANG_WARN_EMPTY_BODY = YES;
				CLANG_WARN_ENUM_CONVERSION = YES;
				CLANG_WARN_INFINITE_RECURSION = YES;
				CLANG_WARN_INT_CONVERSION = YES;
				CLANG_WARN_OBJC_ROOT_CLASS = YES_ERROR;
				CLANG_WARN_SUSPICIOUS_MOVES = YES;
				CLANG_WARN_UNREACHABLE_CODE = YES;
				CLANG_WARN__DUPLICATE_METHOD_MATCH = YES;
				"CODE_SIGN_IDENTITY[sdk=iphoneos*]" = "iPhone Developer";
				COPY_PHASE_STRIP = NO;
				DEBUG_INFORMATION_FORMAT = "dwarf-with-dsym";
				ENABLE_NS_ASSERTIONS = NO;
				ENABLE_STRICT_OBJC_MSGSEND = YES;
				GCC_C_LANGUAGE_STANDARD = gnu99;
				GCC_NO_COMMON_BLOCKS = YES;
				GCC_WARN_64_TO_32_BIT_CONVERSION = YES;
				GCC_WARN_ABOUT_RETURN_TYPE = YES_ERROR;
				GCC_WARN_UNDECLARED_SELECTOR = YES;
				GCC_WARN_UNINITIALIZED_AUTOS = YES_AGGRESSIVE;
				GCC_WARN_UNUSED_FUNCTION = YES;
				GCC_WARN_UNUSED_VARIABLE = YES;
				IPHONEOS_DEPLOYMENT_TARGET = 10.1;
				MTL_ENABLE_DEBUG_INFO = NO;
				SDKROOT = iphoneos;
				SWIFT_OPTIMIZATION_LEVEL = "-Owholemodule";
				TARGETED_DEVICE_FAMILY = 2;
				VALIDATE_PRODUCT = YES;
			};
			name = Release;
		};
		292FE78C1DF0EBA6005431D3 /* Debug */ = {
			isa = XCBuildConfiguration;
			buildSettings = {
				ASSETCATALOG_COMPILER_APPICON_NAME = AppIcon;
				INFOPLIST_FILE = Project11/Info.plist;
				LD_RUNPATH_SEARCH_PATHS = "$(inherited) @executable_path/Frameworks";
				PRODUCT_BUNDLE_IDENTIFIER = jpdeguzman.Project11;
				PRODUCT_NAME = "$(TARGET_NAME)";
				SWIFT_VERSION = 3.0;
			};
			name = Debug;
		};
		292FE78D1DF0EBA6005431D3 /* Release */ = {
			isa = XCBuildConfiguration;
			buildSettings = {
				ASSETCATALOG_COMPILER_APPICON_NAME = AppIcon;
				INFOPLIST_FILE = Project11/Info.plist;
				LD_RUNPATH_SEARCH_PATHS = "$(inherited) @executable_path/Frameworks";
				PRODUCT_BUNDLE_IDENTIFIER = jpdeguzman.Project11;
				PRODUCT_NAME = "$(TARGET_NAME)";
				SWIFT_VERSION = 3.0;
			};
			name = Release;
		};
/* End XCBuildConfiguration section */

/* Begin XCConfigurationList section */
		292FE76E1DF0EBA5005431D3 /* Build configuration list for PBXProject "Project11" */ = {
			isa = XCConfigurationList;
			buildConfigurations = (
				292FE7891DF0EBA6005431D3 /* Debug */,
				292FE78A1DF0EBA6005431D3 /* Release */,
			);
			defaultConfigurationIsVisible = 0;
			defaultConfigurationName = Release;
		};
		292FE78B1DF0EBA6005431D3 /* Build configuration list for PBXNativeTarget "Project11" */ = {
			isa = XCConfigurationList;
			buildConfigurations = (
				292FE78C1DF0EBA6005431D3 /* Debug */,
				292FE78D1DF0EBA6005431D3 /* Release */,
			);
			defaultConfigurationIsVisible = 0;
		};
/* End XCConfigurationList section */
	};
	rootObject = 292FE76B1DF0EBA5005431D3 /* Project object */;
}
